
Microsoft Visual Studio Solution File, Format Version 12.00
Project("{FAE04EC0-301F-11D3-BF4B-00C04F79EFBC}") = "Task2", "Task2\Task2.csproj", "{B3AED5A8-79A0-4809-B899-014E44420214}"
EndProject
Project("{FAE04EC0-301F-11D3-BF4B-00C04F79EFBC}") = "Task1", "Task1\Task1.csproj", "{D7D478D4-0AD0-46FF-98CD-694CFE94A5D8}"
EndProject
Project("{FAE04EC0-301F-11D3-BF4B-00C04F79EFBC}") = "Task3", "Task3\Task3.csproj", "{1B0B1930-F591-491F-91F4-64D1E1C66B90}"
EndProject
Project("{FAE04EC0-301F-11D3-BF4B-00C04F79EFBC}") = "Task4", "Task4\Task4.csproj", "{D7B8D7D8-C462-43A0-9BD4-F2444EF59372}"
EndProject
Project("{FAE04EC0-301F-11D3-BF4B-00C04F79EFBC}") = "Task5", "Task5\Task5.csproj", "{800DC4ED-6162-441A-8588-2AACB97B25DA}"
EndProject
Global
	GlobalSection(SolutionConfigurationPlatforms) = preSolution
		Debug|Any CPU = Debug|Any CPU
		Release|Any CPU = Release|Any CPU
	EndGlobalSection
	GlobalSection(ProjectConfigurationPlatforms) = postSolution
		{B3AED5A8-79A0-4809-B899-014E44420214}.Debug|Any CPU.ActiveCfg = Debug|Any CPU
		{B3AED5A8-79A0-4809-B899-014E44420214}.Debug|Any CPU.Build.0 = Debug|Any CPU
		{B3AED5A8-79A0-4809-B899-014E44420214}.Release|Any CPU.ActiveCfg = Release|Any CPU
		{B3AED5A8-79A0-4809-B899-014E44420214}.Release|Any CPU.Build.0 = Release|Any CPU
		{D7D478D4-0AD0-46FF-98CD-694CFE94A5D8}.Debug|Any CPU.ActiveCfg = Debug|Any CPU
		{D7D478D4-0AD0-46FF-98CD-694CFE94A5D8}.Debug|Any CPU.Build.0 = Debug|Any CPU
		{D7D478D4-0AD0-46FF-98CD-694CFE94A5D8}.Release|Any CPU.ActiveCfg = Release|Any CPU
		{D7D478D4-0AD0-46FF-98CD-694CFE94A5D8}.Release|Any CPU.Build.0 = Release|Any CPU
		{1B0B1930-F591-491F-91F4-64D1E1C66B90}.Debug|Any CPU.ActiveCfg = Debug|Any CPU
		{1B0B1930-F591-491F-91F4-64D1E1C66B90}.Debug|Any CPU.Build.0 = Debug|Any CPU
		{1B0B1930-F591-491F-91F4-64D1E1C66B90}.Release|Any CPU.ActiveCfg = Release|Any CPU
		{1B0B1930-F591-491F-91F4-64D1E1C66B90}.Release|Any CPU.Build.0 = Release|Any CPU
		{D7B8D7D8-C462-43A0-9BD4-F2444EF59372}.Debug|Any CPU.ActiveCfg = Debug|Any CPU
		{D7B8D7D8-C462-43A0-9BD4-F2444EF59372}.Debug|Any CPU.Build.0 = Debug|Any CPU
		{D7B8D7D8-C462-43A0-9BD4-F2444EF59372}.Release|Any CPU.ActiveCfg = Release|Any CPU
		{D7B8D7D8-C462-43A0-9BD4-F2444EF59372}.Release|Any CPU.Build.0 = Release|Any CPU
		{800DC4ED-6162-441A-8588-2AACB97B25DA}.Debug|Any CPU.ActiveCfg = Debug|Any CPU
		{800DC4ED-6162-441A-8588-2AACB97B25DA}.Debug|Any CPU.Build.0 = Debug|Any CPU
		{800DC4ED-6162-441A-8588-2AACB97B25DA}.Release|Any CPU.ActiveCfg = Release|Any CPU
		{800DC4ED-6162-441A-8588-2AACB97B25DA}.Release|Any CPU.Build.0 = Release|Any CPU
	EndGlobalSection
EndGlobal
